// !$*UTF8*$!
{
	archiveVersion = 1;
	classes = {
	};
	objectVersion = 63;
	objects = {

/* Begin PBXBuildFile section */
		ANSI00000000000000001111 /* ANSIParser.swift in Sources */ = {isa = PBXBuildFile; fileRef = ANSI00000000000000002222 /* ANSIParser.swift */; };
		03B1472DF96583D25E9A64D0 /* VoiceRecorderViewModel.swift in Sources */ = {isa = PBXBuildFile; fileRef = 720C4CF41179CC1AF4D0939F /* VoiceRecorderViewModel.swift */; };
		THEME0000000000000001111 /* TerminalTheme.swift in Sources */ = {isa = PBXBuildFile; fileRef = THEME0000000000000002222 /* TerminalTheme.swift */; };
		11111111111111111111AAA1 /* ConnectionStatusView.swift in Sources */ = {isa = PBXBuildFile; fileRef = 22222222222222222222BBB1 /* ConnectionStatusView.swift */; };
		11111111111111111111AAA2 /* EmptyStateView.swift in Sources */ = {isa = PBXBuildFile; fileRef = 22222222222222222222BBB2 /* EmptyStateView.swift */; };
		11111111111111111111AAA3 /* ProjectSelectionView.swift in Sources */ = {isa = PBXBuildFile; fileRef = 22222222222222222222BBB3 /* ProjectSelectionView.swift */; };
		3C7F0B29DD518FBFD82B1725 /* Session.swift in Sources */ = {isa = PBXBuildFile; fileRef = E958A674FC15A43C99D4DE77 /* Session.swift */; };
		45B2E12EAE27FE69837E5D5D /* TerminalViewModel.swift in Sources */ = {isa = PBXBuildFile; fileRef = 8BBA0E8DE81A268EC777867C /* TerminalViewModel.swift */; };
		4CC4345CBC583C90DAA59FF6 /* RepoManagerView.swift in Sources */ = {isa = PBXBuildFile; fileRef = 624B175FC7799D296942CD91 /* RepoManagerView.swift */; };
		567357C31847D000FDE8B306 /* Project.swift in Sources */ = {isa = PBXBuildFile; fileRef = B36FD2E20793A2AECC778EA5 /* Project.swift */; };
		63DEA8DC464E4635855F3F0A /* Message.swift in Sources */ = {isa = PBXBuildFile; fileRef = E21FDFA27D11437BBA2E8902 /* Message.swift */; };
		684CF53B154D011062F9F7EF /* pushToCodeApp.swift in Sources */ = {isa = PBXBuildFile; fileRef = 0F7447280D9B81EBAAD0C1CF /* pushToCodeApp.swift */; };
		6F46A06EC37535445C93A7E5 /* TerminalView.swift in Sources */ = {isa = PBXBuildFile; fileRef = 76A1DFAD973FC8B13E347FE7 /* TerminalView.swift */; };
		894E63BC6E612479452A3EF7 /* SessionTabView.swift in Sources */ = {isa = PBXBuildFile; fileRef = B35B6DDB1004818F90CB732B /* SessionTabView.swift */; };
		AE0117BA111451E3ABE69F20 /* Assets.xcassets in Resources */ = {isa = PBXBuildFile; fileRef = 7FFBD67E8AC0B85F6C55396E /* Assets.xcassets */; };
		AF27F745496F32054DAEAF1F /* WebSocketMessage.swift in Sources */ = {isa = PBXBuildFile; fileRef = A235F7332FEA4DA33117B2E2 /* WebSocketMessage.swift */; };
		AF4597387C8684356BC209F1 /* TranscriptionService.swift in Sources */ = {isa = PBXBuildFile; fileRef = 943856C7DF1E68CEBFEE5395 /* TranscriptionService.swift */; };
		BCEE2B6CD3A0B98A05BD81C4 /* ProjectPickerView.swift in Sources */ = {isa = PBXBuildFile; fileRef = 3D294DAF6BC966D01B85B867 /* ProjectPickerView.swift */; };
		C061C5C4438D31DBCCE3E781 /* SettingsView.swift in Sources */ = {isa = PBXBuildFile; fileRef = 5B8F2B10A579AAAB7200F5E6 /* SettingsView.swift */; };
		C814CD24E40311C31528B2D0 /* VoiceRecorderView.swift in Sources */ = {isa = PBXBuildFile; fileRef = A0DD63C5E1441EF1C944178E /* VoiceRecorderView.swift */; };
		D6C5B909D2396593BEF3637A /* AudioRecorderService.swift in Sources */ = {isa = PBXBuildFile; fileRef = C606AC96BCA68AE0808062BE /* AudioRecorderService.swift */; };
		D6F1A43B5B521AE180598CF9 /* SessionsViewModel.swift in Sources */ = {isa = PBXBuildFile; fileRef = CC2C6A4E59CFA5253F49CFB5 /* SessionsViewModel.swift */; };
		DBFE4AD8A669F5C992BFA09C /* SettingsManager.swift in Sources */ = {isa = PBXBuildFile; fileRef = 37F066FD591B787602E4A507 /* SettingsManager.swift */; };
		E4EF26DD487569A9D593ECDF /* ReposService.swift in Sources */ = {isa = PBXBuildFile; fileRef = C7CDB48DAC162D221A630214 /* ReposService.swift */; };
		F8035656618BE63D3E441E68 /* WebSocketService.swift in Sources */ = {isa = PBXBuildFile; fileRef = B94DCFA0B6F4BFE3007564FB /* WebSocketService.swift */; };
		COMP00000000000000001111 /* ExpandablePillButton.swift in Sources */ = {isa = PBXBuildFile; fileRef = COMP00000000000000002221 /* ExpandablePillButton.swift */; };
		COMP00000000000000001112 /* CycleModeButton.swift in Sources */ = {isa = PBXBuildFile; fileRef = COMP00000000000000002222 /* CycleModeButton.swift */; };
		COMP00000000000000001113 /* KeyboardControlsView.swift in Sources */ = {isa = PBXBuildFile; fileRef = COMP00000000000000002223 /* KeyboardControlsView.swift */; };
		COMP00000000000000001114 /* AgentSelectorView.swift in Sources */ = {isa = PBXBuildFile; fileRef = COMP00000000000000002224 /* AgentSelectorView.swift */; };
/* End PBXBuildFile section */

/* Begin PBXFileReference section */
		ANSI00000000000000002222 /* ANSIParser.swift */ = {isa = PBXFileReference; lastKnownFileType = sourcecode.swift; path = ANSIParser.swift; sourceTree = "<group>"; };
		0F7447280D9B81EBAAD0C1CF /* pushToCodeApp.swift */ = {isa = PBXFileReference; lastKnownFileType = sourcecode.swift; path = pushToCodeApp.swift; sourceTree = "<group>"; };
		THEME0000000000000002222 /* TerminalTheme.swift */ = {isa = PBXFileReference; lastKnownFileType = sourcecode.swift; path = TerminalTheme.swift; sourceTree = "<group>"; };
		22222222222222222222BBB1 /* ConnectionStatusView.swift */ = {isa = PBXFileReference; lastKnownFileType = sourcecode.swift; path = ConnectionStatusView.swift; sourceTree = "<group>"; };
		22222222222222222222BBB2 /* EmptyStateView.swift */ = {isa = PBXFileReference; lastKnownFileType = sourcecode.swift; path = EmptyStateView.swift; sourceTree = "<group>"; };
		22222222222222222222BBB3 /* ProjectSelectionView.swift */ = {isa = PBXFileReference; lastKnownFileType = sourcecode.swift; path = ProjectSelectionView.swift; sourceTree = "<group>"; };
		37F066FD591B787602E4A507 /* SettingsManager.swift */ = {isa = PBXFileReference; lastKnownFileType = sourcecode.swift; path = SettingsManager.swift; sourceTree = "<group>"; };
		3D294DAF6BC966D01B85B867 /* ProjectPickerView.swift */ = {isa = PBXFileReference; lastKnownFileType = sourcecode.swift; path = ProjectPickerView.swift; sourceTree = "<group>"; };
		5B8F2B10A579AAAB7200F5E6 /* SettingsView.swift */ = {isa = PBXFileReference; lastKnownFileType = sourcecode.swift; path = SettingsView.swift; sourceTree = "<group>"; };
		624B175FC7799D296942CD91 /* RepoManagerView.swift */ = {isa = PBXFileReference; lastKnownFileType = sourcecode.swift; path = RepoManagerView.swift; sourceTree = "<group>"; };
		6D406FAF5FAFFF2BB7DADECB /* Info.plist */ = {isa = PBXFileReference; lastKnownFileType = text.plist; path = Info.plist; sourceTree = "<group>"; };
		6FF237E945334578D251596F /* pushToCode.app */ = {isa = PBXFileReference; explicitFileType = wrapper.application; includeInIndex = 0; path = pushToCode.app; sourceTree = BUILT_PRODUCTS_DIR; };
		720C4CF41179CC1AF4D0939F /* VoiceRecorderViewModel.swift */ = {isa = PBXFileReference; lastKnownFileType = sourcecode.swift; path = VoiceRecorderViewModel.swift; sourceTree = "<group>"; };
		76A1DFAD973FC8B13E347FE7 /* TerminalView.swift */ = {isa = PBXFileReference; lastKnownFileType = sourcecode.swift; path = TerminalView.swift; sourceTree = "<group>"; };
		7FFBD67E8AC0B85F6C55396E /* Assets.xcassets */ = {isa = PBXFileReference; lastKnownFileType = folder.assetcatalog; path = Assets.xcassets; sourceTree = "<group>"; };
		8BBA0E8DE81A268EC777867C /* TerminalViewModel.swift */ = {isa = PBXFileReference; lastKnownFileType = sourcecode.swift; path = TerminalViewModel.swift; sourceTree = "<group>"; };
		943856C7DF1E68CEBFEE5395 /* TranscriptionService.swift */ = {isa = PBXFileReference; lastKnownFileType = sourcecode.swift; path = TranscriptionService.swift; sourceTree = "<group>"; };
		A0DD63C5E1441EF1C944178E /* VoiceRecorderView.swift */ = {isa = PBXFileReference; lastKnownFileType = sourcecode.swift; path = VoiceRecorderView.swift; sourceTree = "<group>"; };
		A235F7332FEA4DA33117B2E2 /* WebSocketMessage.swift */ = {isa = PBXFileReference; lastKnownFileType = sourcecode.swift; path = WebSocketMessage.swift; sourceTree = "<group>"; };
		B35B6DDB1004818F90CB732B /* SessionTabView.swift */ = {isa = PBXFileReference; lastKnownFileType = sourcecode.swift; path = SessionTabView.swift; sourceTree = "<group>"; };
		B36FD2E20793A2AECC778EA5 /* Project.swift */ = {isa = PBXFileReference; lastKnownFileType = sourcecode.swift; path = Project.swift; sourceTree = "<group>"; };
		B94DCFA0B6F4BFE3007564FB /* WebSocketService.swift */ = {isa = PBXFileReference; lastKnownFileType = sourcecode.swift; path = WebSocketService.swift; sourceTree = "<group>"; };
		C606AC96BCA68AE0808062BE /* AudioRecorderService.swift */ = {isa = PBXFileReference; lastKnownFileType = sourcecode.swift; path = AudioRecorderService.swift; sourceTree = "<group>"; };
		C7CDB48DAC162D221A630214 /* ReposService.swift */ = {isa = PBXFileReference; lastKnownFileType = sourcecode.swift; path = ReposService.swift; sourceTree = "<group>"; };
		CC2C6A4E59CFA5253F49CFB5 /* SessionsViewModel.swift */ = {isa = PBXFileReference; lastKnownFileType = sourcecode.swift; path = SessionsViewModel.swift; sourceTree = "<group>"; };
		E21FDFA27D11437BBA2E8902 /* Message.swift */ = {isa = PBXFileReference; lastKnownFileType = sourcecode.swift; path = Message.swift; sourceTree = "<group>"; };
		E958A674FC15A43C99D4DE77 /* Session.swift */ = {isa = PBXFileReference; lastKnownFileType = sourcecode.swift; path = Session.swift; sourceTree = "<group>"; };
		COMP00000000000000002221 /* ExpandablePillButton.swift */ = {isa = PBXFileReference; lastKnownFileType = sourcecode.swift; path = ExpandablePillButton.swift; sourceTree = "<group>"; };
		COMP00000000000000002222 /* CycleModeButton.swift */ = {isa = PBXFileReference; lastKnownFileType = sourcecode.swift; path = CycleModeButton.swift; sourceTree = "<group>"; };
		COMP00000000000000002223 /* KeyboardControlsView.swift */ = {isa = PBXFileReference; lastKnownFileType = sourcecode.swift; path = KeyboardControlsView.swift; sourceTree = "<group>"; };
		COMP00000000000000002224 /* AgentSelectorView.swift */ = {isa = PBXFileReference; lastKnownFileType = sourcecode.swift; path = AgentSelectorView.swift; sourceTree = "<group>"; };
/* End PBXFileReference section */

/* Begin PBXGroup section */
		2E878790AA2B7191F9609004 /* ViewModels */ = {
			isa = PBXGroup;
			children = (
				CC2C6A4E59CFA5253F49CFB5 /* SessionsViewModel.swift */,
				8BBA0E8DE81A268EC777867C /* TerminalViewModel.swift */,
				720C4CF41179CC1AF4D0939F /* VoiceRecorderViewModel.swift */,
			);
			path = ViewModels;
			sourceTree = "<group>";
		};
		3A8AC01DA0B4162482DC6716 /* Services */ = {
			isa = PBXGroup;
			children = (
				ANSI00000000000000002222 /* ANSIParser.swift */,
				C606AC96BCA68AE0808062BE /* AudioRecorderService.swift */,
				C7CDB48DAC162D221A630214 /* ReposService.swift */,
				37F066FD591B787602E4A507 /* SettingsManager.swift */,
				943856C7DF1E68CEBFEE5395 /* TranscriptionService.swift */,
				B94DCFA0B6F4BFE3007564FB /* WebSocketService.swift */,
			);
			path = Services;
			sourceTree = "<group>";
		};
		4CCFA85C2F0165A7006AAB2F /* Frameworks */ = {
			isa = PBXGroup;
			children = (
			);
			name = Frameworks;
			sourceTree = "<group>";
		};
		4CFD264E71636D69B40A858E = {
			isa = PBXGroup;
			children = (
				D1EB0D24302172A4CA49A78C /* pushToCode */,
				6D543D603501C18010E2005C /* Resources */,
				4DEB334DEE868EEAF3F8C261 /* Sources */,
				BC72C19637BE7098BCA5848C /* Products */,
				4CCFA85C2F0165A7006AAB2F /* Frameworks */,
			);
			sourceTree = "<group>";
		};
		4DEB334DEE868EEAF3F8C261 /* Sources */ = {
			isa = PBXGroup;
			children = (
				C71CE027EC3EBB8D3E134BFE /* Extensions */,
				FEEC46827C8BF79D2C2A7CAC /* Models */,
				3A8AC01DA0B4162482DC6716 /* Services */,
				E6531E6D5EE9BE1856733C61 /* Utilities */,
				2E878790AA2B7191F9609004 /* ViewModels */,
				C4644ADA719508532C19AF71 /* Views */,
				0F7447280D9B81EBAAD0C1CF /* pushToCodeApp.swift */,
			);
			name = Sources;
			path = pushToCode/Sources;
			sourceTree = "<group>";
		};
		6D543D603501C18010E2005C /* Resources */ = {
			isa = PBXGroup;
			children = (
				7FFBD67E8AC0B85F6C55396E /* Assets.xcassets */,
			);
			name = Resources;
			path = pushToCode/Resources;
			sourceTree = "<group>";
		};
		BC72C19637BE7098BCA5848C /* Products */ = {
			isa = PBXGroup;
			children = (
				6FF237E945334578D251596F /* pushToCode.app */,
			);
			name = Products;
			sourceTree = "<group>";
		};
		C4644ADA719508532C19AF71 /* Views */ = {
			isa = PBXGroup;
			children = (
				COMP00000000000000003333 /* Components */,
				22222222222222222222BBB1 /* ConnectionStatusView.swift */,
				22222222222222222222BBB2 /* EmptyStateView.swift */,
				3D294DAF6BC966D01B85B867 /* ProjectPickerView.swift */,
				22222222222222222222BBB3 /* ProjectSelectionView.swift */,
				624B175FC7799D296942CD91 /* RepoManagerView.swift */,
				B35B6DDB1004818F90CB732B /* SessionTabView.swift */,
				5B8F2B10A579AAAB7200F5E6 /* SettingsView.swift */,
				76A1DFAD973FC8B13E347FE7 /* TerminalView.swift */,
				A0DD63C5E1441EF1C944178E /* VoiceRecorderView.swift */,
			);
			path = Views;
			sourceTree = "<group>";
		};
		COMP00000000000000003333 /* Components */ = {
			isa = PBXGroup;
			children = (
				COMP00000000000000002224 /* AgentSelectorView.swift */,
				COMP00000000000000002222 /* CycleModeButton.swift */,
				COMP00000000000000002221 /* ExpandablePillButton.swift */,
				COMP00000000000000002223 /* KeyboardControlsView.swift */,
			);
			path = Components;
			sourceTree = "<group>";
		};
		C71CE027EC3EBB8D3E134BFE /* Extensions */ = {
			isa = PBXGroup;
			children = (
			);
			path = Extensions;
			sourceTree = "<group>";
		};
		D1EB0D24302172A4CA49A78C /* pushToCode */ = {
			isa = PBXGroup;
			children = (
				6D406FAF5FAFFF2BB7DADECB /* Info.plist */,
			);
			path = pushToCode;
			sourceTree = "<group>";
		};
		E6531E6D5EE9BE1856733C61 /* Utilities */ = {
			isa = PBXGroup;
			children = (
			);
			path = Utilities;
			sourceTree = "<group>";
		};
		FEEC46827C8BF79D2C2A7CAC /* Models */ = {
			isa = PBXGroup;
			children = (
				E21FDFA27D11437BBA2E8902 /* Message.swift */,
				B36FD2E20793A2AECC778EA5 /* Project.swift */,
				E958A674FC15A43C99D4DE77 /* Session.swift */,
				THEME0000000000000002222 /* TerminalTheme.swift */,
				A235F7332FEA4DA33117B2E2 /* WebSocketMessage.swift */,
			);
			path = Models;
			sourceTree = "<group>";
		};
/* End PBXGroup section */

/* Begin PBXNativeTarget section */
		5C27DA9D165375E53D17620B /* pushToCode */ = {
			isa = PBXNativeTarget;
			buildConfigurationList = 9330041F8774DAC0E7B97E9C /* Build configuration list for PBXNativeTarget "pushToCode" */;
			buildPhases = (
				08DB15FA3EAF9858B468B21D /* Sources */,
				6D21C19C362096BCC3AABABF /* Resources */,
			);
			buildRules = (
			);
			dependencies = (
			);
			name = pushToCode;
			productName = pushToCode;
			productReference = 6FF237E945334578D251596F /* pushToCode.app */;
			productType = "com.apple.product-type.application";
		};
/* End PBXNativeTarget section */

/* Begin PBXProject section */
		4C7455196127B1A5DEB41558 /* Project object */ = {
			isa = PBXProject;
			attributes = {
				BuildIndependentTargetsInParallel = YES;
				LastUpgradeCheck = 1500;
				TargetAttributes = {
					5C27DA9D165375E53D17620B = {
						ProvisioningStyle = Automatic;
					};
				};
			};
			buildConfigurationList = 13B5636386B6BCE36C478CF5 /* Build configuration list for PBXProject "pushToCode" */;
			compatibilityVersion = "Xcode 14.0";
			developmentRegion = en;
			hasScannedForEncodings = 0;
			knownRegions = (
				Base,
				en,
			);
			mainGroup = 4CFD264E71636D69B40A858E;
			minimizedProjectReferenceProxies = 1;
			projectDirPath = "";
			projectRoot = "";
			targets = (
				5C27DA9D165375E53D17620B /* pushToCode */,
			);
		};
/* End PBXProject section */

/* Begin PBXResourcesBuildPhase section */
		6D21C19C362096BCC3AABABF /* Resources */ = {
			isa = PBXResourcesBuildPhase;
			buildActionMask = 2147483647;
			files = (
				AE0117BA111451E3ABE69F20 /* Assets.xcassets in Resources */,
			);
			runOnlyForDeploymentPostprocessing = 0;
		};
/* End PBXResourcesBuildPhase section */

/* Begin PBXSourcesBuildPhase section */
		08DB15FA3EAF9858B468B21D /* Sources */ = {
			isa = PBXSourcesBuildPhase;
			buildActionMask = 2147483647;
			files = (
				ANSI00000000000000001111 /* ANSIParser.swift in Sources */,
				D6C5B909D2396593BEF3637A /* AudioRecorderService.swift in Sources */,
				THEME0000000000000001111 /* TerminalTheme.swift in Sources */,
				11111111111111111111AAA1 /* ConnectionStatusView.swift in Sources */,
				11111111111111111111AAA2 /* EmptyStateView.swift in Sources */,
				63DEA8DC464E4635855F3F0A /* Message.swift in Sources */,
				567357C31847D000FDE8B306 /* Project.swift in Sources */,
				BCEE2B6CD3A0B98A05BD81C4 /* ProjectPickerView.swift in Sources */,
				11111111111111111111AAA3 /* ProjectSelectionView.swift in Sources */,
				4CC4345CBC583C90DAA59FF6 /* RepoManagerView.swift in Sources */,
				E4EF26DD487569A9D593ECDF /* ReposService.swift in Sources */,
				3C7F0B29DD518FBFD82B1725 /* Session.swift in Sources */,
				894E63BC6E612479452A3EF7 /* SessionTabView.swift in Sources */,
				D6F1A43B5B521AE180598CF9 /* SessionsViewModel.swift in Sources */,
				DBFE4AD8A669F5C992BFA09C /* SettingsManager.swift in Sources */,
				C061C5C4438D31DBCCE3E781 /* SettingsView.swift in Sources */,
				6F46A06EC37535445C93A7E5 /* TerminalView.swift in Sources */,
				45B2E12EAE27FE69837E5D5D /* TerminalViewModel.swift in Sources */,
				AF4597387C8684356BC209F1 /* TranscriptionService.swift in Sources */,
				C814CD24E40311C31528B2D0 /* VoiceRecorderView.swift in Sources */,
				03B1472DF96583D25E9A64D0 /* VoiceRecorderViewModel.swift in Sources */,
				AF27F745496F32054DAEAF1F /* WebSocketMessage.swift in Sources */,
				F8035656618BE63D3E441E68 /* WebSocketService.swift in Sources */,
				684CF53B154D011062F9F7EF /* pushToCodeApp.swift in Sources */,
				COMP00000000000000001111 /* ExpandablePillButton.swift in Sources */,
				COMP00000000000000001112 /* CycleModeButton.swift in Sources */,
				COMP00000000000000001113 /* KeyboardControlsView.swift in Sources */,
				COMP00000000000000001114 /* AgentSelectorView.swift in Sources */,
			);
			runOnlyForDeploymentPostprocessing = 0;
		};
/* End PBXSourcesBuildPhase section */

/* Begin XCBuildConfiguration section */
		392100C338817E7FD1483DF6 /* Release */ = {
			isa = XCBuildConfiguration;
			buildSettings = {
				ASSETCATALOG_COMPILER_APPICON_NAME = AppIcon;
				ASSETCATALOG_COMPILER_GLOBAL_ACCENT_COLOR_NAME = AccentColor;
				CODE_SIGN_IDENTITY = "iPhone Developer";
				DEVELOPMENT_TEAM = 9X22GVKZ85;
				GENERATE_INFOPLIST_FILE = NO;
				INFOPLIST_FILE = pushToCode/Info.plist;
				IPHONEOS_DEPLOYMENT_TARGET = 16.0;
				LD_RUNPATH_SEARCH_PATHS = (
					"$(inherited)",
					"@executable_path/Frameworks",
				);
				PRODUCT_BUNDLE_IDENTIFIER = com.pushtocode.app;
				SDKROOT = iphoneos;
				TARGETED_DEVICE_FAMILY = "1,2";
			};
			name = Release;
		};
		54251DAD3E4C7127F0530913 /* Release */ = {
			isa = XCBuildConfiguration;
			buildSettings = {
				ALWAYS_SEARCH_USER_PATHS = NO;
				CLANG_ANALYZER_NONNULL = YES;
				CLANG_ANALYZER_NUMBER_OBJECT_CONVERSION = YES_AGGRESSIVE;
				CLANG_CXX_LANGUAGE_STANDARD = "gnu++14";
				CLANG_CXX_LIBRARY = "libc++";
				CLANG_ENABLE_MODULES = YES;
				CLANG_ENABLE_OBJC_ARC = YES;
				CLANG_ENABLE_OBJC_WEAK = YES;
				CLANG_WARN_BLOCK_CAPTURE_AUTORELEASING = YES;
				CLANG_WARN_BOOL_CONVERSION = YES;
				CLANG_WARN_COMMA = YES;
				CLANG_WARN_CONSTANT_CONVERSION = YES;
				CLANG_WARN_DEPRECATED_OBJC_IMPLEMENTATIONS = YES;
				CLANG_WARN_DIRECT_OBJC_ISA_USAGE = YES_ERROR;
				CLANG_WARN_DOCUMENTATION_COMMENTS = YES;
				CLANG_WARN_EMPTY_BODY = YES;
				CLANG_WARN_ENUM_CONVERSION = YES;
				CLANG_WARN_INFINITE_RECURSION = YES;
				CLANG_WARN_INT_CONVERSION = YES;
				CLANG_WARN_NON_LITERAL_NULL_CONVERSION = YES;
				CLANG_WARN_OBJC_IMPLICIT_RETAIN_SELF = YES;
				CLANG_WARN_OBJC_LITERAL_CONVERSION = YES;
				CLANG_WARN_OBJC_ROOT_CLASS = YES_ERROR;
				CLANG_WARN_QUOTED_INCLUDE_IN_FRAMEWORK_HEADER = YES;
				CLANG_WARN_RANGE_LOOP_ANALYSIS = YES;
				CLANG_WARN_STRICT_PROTOTYPES = YES;
				CLANG_WARN_SUSPICIOUS_MOVE = YES;
				CLANG_WARN_UNGUARDED_AVAILABILITY = YES_AGGRESSIVE;
				CLANG_WARN_UNREACHABLE_CODE = YES;
				CLANG_WARN__DUPLICATE_METHOD_MATCH = YES;
				CODE_SIGN_STYLE = Automatic;
				COPY_PHASE_STRIP = NO;
				CURRENT_PROJECT_VERSION = 1;
				DEBUG_INFORMATION_FORMAT = "dwarf-with-dsym";
				DEVELOPMENT_TEAM = "";
				ENABLE_NS_ASSERTIONS = NO;
				ENABLE_STRICT_OBJC_MSGSEND = YES;
				ENABLE_USER_SCRIPT_SANDBOXING = NO;
				GCC_C_LANGUAGE_STANDARD = gnu11;
				GCC_NO_COMMON_BLOCKS = YES;
				GCC_WARN_64_TO_32_BIT_CONVERSION = YES;
				GCC_WARN_ABOUT_RETURN_TYPE = YES_ERROR;
				GCC_WARN_UNDECLARED_SELECTOR = YES;
				GCC_WARN_UNINITIALIZED_AUTOS = YES_AGGRESSIVE;
				GCC_WARN_UNUSED_FUNCTION = YES;
				GCC_WARN_UNUSED_VARIABLE = YES;
				IPHONEOS_DEPLOYMENT_TARGET = 16.0;
				MARKETING_VERSION = 1.0.0;
				MTL_ENABLE_DEBUG_INFO = NO;
				MTL_FAST_MATH = YES;
				PRODUCT_NAME = "$(TARGET_NAME)";
				SDKROOT = iphoneos;
				SWIFT_COMPILATION_MODE = wholemodule;
				SWIFT_OPTIMIZATION_LEVEL = "-O";
				SWIFT_VERSION = 5.9;
			};
			name = Release;
		};
		68D5DC38E9FD88EA9B5272ED /* Debug */ = {
			isa = XCBuildConfiguration;
			buildSettings = {
				ALWAYS_SEARCH_USER_PATHS = NO;
				CLANG_ANALYZER_NONNULL = YES;
				CLANG_ANALYZER_NUMBER_OBJECT_CONVERSION = YES_AGGRESSIVE;
				CLANG_CXX_LANGUAGE_STANDARD = "gnu++14";
				CLANG_CXX_LIBRARY = "libc++";
				CLANG_ENABLE_MODULES = YES;
				CLANG_ENABLE_OBJC_ARC = YES;
				CLANG_ENABLE_OBJC_WEAK = YES;
				CLANG_WARN_BLOCK_CAPTURE_AUTORELEASING = YES;
				CLANG_WARN_BOOL_CONVERSION = YES;
				CLANG_WARN_COMMA = YES;
				CLANG_WARN_CONSTANT_CONVERSION = YES;
				CLANG_WARN_DEPRECATED_OBJC_IMPLEMENTATIONS = YES;
				CLANG_WARN_DIRECT_OBJC_ISA_USAGE = YES_ERROR;
				CLANG_WARN_DOCUMENTATION_COMMENTS = YES;
				CLANG_WARN_EMPTY_BODY = YES;
				CLANG_WARN_ENUM_CONVERSION = YES;
				CLANG_WARN_INFINITE_RECURSION = YES;
				CLANG_WARN_INT_CONVERSION = YES;
				CLANG_WARN_NON_LITERAL_NULL_CONVERSION = YES;
				CLANG_WARN_OBJC_IMPLICIT_RETAIN_SELF = YES;
				CLANG_WARN_OBJC_LITERAL_CONVERSION = YES;
				CLANG_WARN_OBJC_ROOT_CLASS = YES_ERROR;
				CLANG_WARN_QUOTED_INCLUDE_IN_FRAMEWORK_HEADER = YES;
				CLANG_WARN_RANGE_LOOP_ANALYSIS = YES;
				CLANG_WARN_STRICT_PROTOTYPES = YES;
				CLANG_WARN_SUSPICIOUS_MOVE = YES;
				CLANG_WARN_UNGUARDED_AVAILABILITY = YES_AGGRESSIVE;
				CLANG_WARN_UNREACHABLE_CODE = YES;
				CLANG_WARN__DUPLICATE_METHOD_MATCH = YES;
				CODE_SIGN_STYLE = Automatic;
				COPY_PHASE_STRIP = NO;
				CURRENT_PROJECT_VERSION = 1;
				DEBUG_INFORMATION_FORMAT = dwarf;
				DEVELOPMENT_TEAM = "";
				ENABLE_STRICT_OBJC_MSGSEND = YES;
				ENABLE_TESTABILITY = YES;
				ENABLE_USER_SCRIPT_SANDBOXING = NO;
				GCC_C_LANGUAGE_STANDARD = gnu11;
				GCC_DYNAMIC_NO_PIC = NO;
				GCC_NO_COMMON_BLOCKS = YES;
				GCC_OPTIMIZATION_LEVEL = 0;
				GCC_PREPROCESSOR_DEFINITIONS = (
					"$(inherited)",
					"DEBUG=1",
				);
				GCC_WARN_64_TO_32_BIT_CONVERSION = YES;
				GCC_WARN_ABOUT_RETURN_TYPE = YES_ERROR;
				GCC_WARN_UNDECLARED_SELECTOR = YES;
				GCC_WARN_UNINITIALIZED_AUTOS = YES_AGGRESSIVE;
				GCC_WARN_UNUSED_FUNCTION = YES;
				GCC_WARN_UNUSED_VARIABLE = YES;
				IPHONEOS_DEPLOYMENT_TARGET = 16.0;
				MARKETING_VERSION = 1.0.0;
				MTL_ENABLE_DEBUG_INFO = INCLUDE_SOURCE;
				MTL_FAST_MATH = YES;
				ONLY_ACTIVE_ARCH = YES;
				PRODUCT_NAME = "$(TARGET_NAME)";
				SDKROOT = iphoneos;
				SWIFT_ACTIVE_COMPILATION_CONDITIONS = DEBUG;
				SWIFT_OPTIMIZATION_LEVEL = "-Onone";
				SWIFT_VERSION = 5.9;
			};
			name = Debug;
		};
		8529249AB60854792BEFDDBB /* Debug */ = {
			isa = XCBuildConfiguration;
			buildSettings = {
				ASSETCATALOG_COMPILER_APPICON_NAME = AppIcon;
				ASSETCATALOG_COMPILER_GLOBAL_ACCENT_COLOR_NAME = AccentColor;
				CODE_SIGN_IDENTITY = "iPhone Developer";
				DEVELOPMENT_TEAM = 9X22GVKZ85;
				GENERATE_INFOPLIST_FILE = NO;
				INFOPLIST_FILE = pushToCode/Info.plist;
				IPHONEOS_DEPLOYMENT_TARGET = 16.0;
				LD_RUNPATH_SEARCH_PATHS = (
					"$(inherited)",
					"@executable_path/Frameworks",
				);
				PRODUCT_BUNDLE_IDENTIFIER = com.pushtocode.app;
				SDKROOT = iphoneos;
				TARGETED_DEVICE_FAMILY = "1,2";
			};
			name = Debug;
		};
/* End XCBuildConfiguration section */

/* Begin XCConfigurationList section */
		13B5636386B6BCE36C478CF5 /* Build configuration list for PBXProject "pushToCode" */ = {
			isa = XCConfigurationList;
			buildConfigurations = (
				68D5DC38E9FD88EA9B5272ED /* Debug */,
				54251DAD3E4C7127F0530913 /* Release */,
			);
			defaultConfigurationIsVisible = 0;
			defaultConfigurationName = Debug;
		};
		9330041F8774DAC0E7B97E9C /* Build configuration list for PBXNativeTarget "pushToCode" */ = {
			isa = XCConfigurationList;
			buildConfigurations = (
				8529249AB60854792BEFDDBB /* Debug */,
				392100C338817E7FD1483DF6 /* Release */,
			);
			defaultConfigurationIsVisible = 0;
			defaultConfigurationName = Debug;
		};
/* End XCConfigurationList section */
	};
	rootObject = 4C7455196127B1A5DEB41558 /* Project object */;
}
